
Microsoft Visual Studio Solution File, Format Version 12.00
# Visual Studio Version 17
VisualStudioVersion = 17.5.002.0
MinimumVisualStudioVersion = 10.0.40219.1
Project("{9A19103F-16F7-4668-BE54-9A1E7A4F7556}") = "helloWord", "HelloWorld\helloWord.csproj", "{994DC0CA-D23E-4AFB-A8D6-000B09F94EBD}"
EndProject
Project("{9A19103F-16F7-4668-BE54-9A1E7A4F7556}") = "arrays", "arrays\arrays.csproj", "{C07EEA7B-5823-47CE-9BEA-5407F33F9305}"
EndProject
Project("{9A19103F-16F7-4668-BE54-9A1E7A4F7556}") = "if_else", "if_else\if_else.csproj", "{A32D38D0-D312-48DD-B8A2-64C5AD05816A}"
EndProject
Global
	GlobalSection(SolutionConfigurationPlatforms) = preSolution
		Debug|Any CPU = Debug|Any CPU
		Release|Any CPU = Release|Any CPU
	EndGlobalSection
	GlobalSection(ProjectConfigurationPlatforms) = postSolution
		{994DC0CA-D23E-4AFB-A8D6-000B09F94EBD}.Debug|Any CPU.ActiveCfg = Debug|Any CPU
		{994DC0CA-D23E-4AFB-A8D6-000B09F94EBD}.Debug|Any CPU.Build.0 = Debug|Any CPU
		{994DC0CA-D23E-4AFB-A8D6-000B09F94EBD}.Release|Any CPU.ActiveCfg = Release|Any CPU
		{994DC0CA-D23E-4AFB-A8D6-000B09F94EBD}.Release|Any CPU.Build.0 = Release|Any CPU
		{C07EEA7B-5823-47CE-9BEA-5407F33F9305}.Debug|Any CPU.ActiveCfg = Debug|Any CPU
		{C07EEA7B-5823-47CE-9BEA-5407F33F9305}.Debug|Any CPU.Build.0 = Debug|Any CPU
		{C07EEA7B-5823-47CE-9BEA-5407F33F9305}.Release|Any CPU.ActiveCfg = Release|Any CPU
		{C07EEA7B-5823-47CE-9BEA-5407F33F9305}.Release|Any CPU.Build.0 = Release|Any CPU
		{A32D38D0-D312-48DD-B8A2-64C5AD05816A}.Debug|Any CPU.ActiveCfg = Debug|Any CPU
		{A32D38D0-D312-48DD-B8A2-64C5AD05816A}.Debug|Any CPU.Build.0 = Debug|Any CPU
		{A32D38D0-D312-48DD-B8A2-64C5AD05816A}.Release|Any CPU.ActiveCfg = Release|Any CPU
		{A32D38D0-D312-48DD-B8A2-64C5AD05816A}.Release|Any CPU.Build.0 = Release|Any CPU
	EndGlobalSection
	GlobalSection(SolutionProperties) = preSolution
		HideSolutionNode = FALSE
	EndGlobalSection
	GlobalSection(ExtensibilityGlobals) = postSolution
		SolutionGuid = {62246D5C-E83F-49F2-9A15-BEE5F6400618}
	EndGlobalSection
EndGlobal
